
Microsoft Visual Studio Solution File, Format Version 12.00
# Visual Studio Version 16
VisualStudioVersion = 16.0.30114.105
MinimumVisualStudioVersion = 10.0.40219.1
Project("{9A19103F-16F7-4668-BE54-9A1E7A4F7556}") = "RhzHome01.Client", "RhzHome01\Client\RhzHome01.Client.csproj", "{A1F03BC4-56FA-4E01-8D6F-0C78CF45360A}"
EndProject
Project("{9A19103F-16F7-4668-BE54-9A1E7A4F7556}") = "RhzHome01.Shared", "RhzHome01\Shared\RhzHome01.Shared.csproj", "{C1AFF964-7C81-43E4-A46A-9ABABEB1FA23}"
EndProject
Global
	GlobalSection(SolutionConfigurationPlatforms) = preSolution
		Debug|Any CPU = Debug|Any CPU
		Release|Any CPU = Release|Any CPU
	EndGlobalSection
	GlobalSection(ProjectConfigurationPlatforms) = postSolution
		{A1F03BC4-56FA-4E01-8D6F-0C78CF45360A}.Debug|Any CPU.ActiveCfg = Debug|Any CPU
		{A1F03BC4-56FA-4E01-8D6F-0C78CF45360A}.Debug|Any CPU.Build.0 = Debug|Any CPU
		{A1F03BC4-56FA-4E01-8D6F-0C78CF45360A}.Release|Any CPU.ActiveCfg = Release|Any CPU
		{A1F03BC4-56FA-4E01-8D6F-0C78CF45360A}.Release|Any CPU.Build.0 = Release|Any CPU
		{C1AFF964-7C81-43E4-A46A-9ABABEB1FA23}.Debug|Any CPU.ActiveCfg = Debug|Any CPU
		{C1AFF964-7C81-43E4-A46A-9ABABEB1FA23}.Debug|Any CPU.Build.0 = Debug|Any CPU
		{C1AFF964-7C81-43E4-A46A-9ABABEB1FA23}.Release|Any CPU.ActiveCfg = Release|Any CPU
		{C1AFF964-7C81-43E4-A46A-9ABABEB1FA23}.Release|Any CPU.Build.0 = Release|Any CPU
	EndGlobalSection
	GlobalSection(SolutionProperties) = preSolution
		HideSolutionNode = FALSE
	EndGlobalSection
	GlobalSection(ExtensibilityGlobals) = postSolution
		SolutionGuid = {2B9FC667-EA06-40D7-8F29-4116E775BC36}
	EndGlobalSection
EndGlobal
